// !$*UTF8*$!
{
	archiveVersion = 1;
	classes = {
	};
	objectVersion = 52;
	objects = {

/* Begin PBXBuildFile section */
		1A372EDA237730A700109AFD /* Additions in Frameworks */ = {isa = PBXBuildFile; productRef = 1A372ED9237730A700109AFD /* Additions */; };
		1A372EDC237730A700109AFD /* UITestAdditions in Frameworks */ = {isa = PBXBuildFile; productRef = 1A372EDB237730A700109AFD /* UITestAdditions */; };
		1A372EDE2377339F00109AFD /* SettingsRobot.swift in Sources */ = {isa = PBXBuildFile; fileRef = 1A372EDD2377339F00109AFD /* SettingsRobot.swift */; };
		1A372EE0237750E800109AFD /* AppSettingsRobot.swift in Sources */ = {isa = PBXBuildFile; fileRef = 1A372EDF237750E800109AFD /* AppSettingsRobot.swift */; };
		1A42E93B21564A22007D05DB /* KeyboardInsetting.swift in Sources */ = {isa = PBXBuildFile; fileRef = 1A42E93A21564A22007D05DB /* KeyboardInsetting.swift */; };
		1A475AAF23771D6A00803BDF /* DocumentBrowserRobot.swift in Sources */ = {isa = PBXBuildFile; fileRef = 1A475AAE23771D6A00803BDF /* DocumentBrowserRobot.swift */; };
		1A475AB123771DA800803BDF /* Tests.swift in Sources */ = {isa = PBXBuildFile; fileRef = 1A475AB023771DA800803BDF /* Tests.swift */; };
		1A475AB323771DB200803BDF /* Screenshots.swift in Sources */ = {isa = PBXBuildFile; fileRef = 1A475AB223771DB200803BDF /* Screenshots.swift */; };
		1A475ABB237724B600803BDF /* DocumentEditorRobot.swift in Sources */ = {isa = PBXBuildFile; fileRef = 1A475ABA237724B600803BDF /* DocumentEditorRobot.swift */; };
		1A89109C23771AA700945538 /* SimpleEditRobot.swift in Sources */ = {isa = PBXBuildFile; fileRef = 1A89109B23771AA700945538 /* SimpleEditRobot.swift */; };
		1AC2FE7A20B56584007D0157 /* DocumentFontPrefs.swift in Sources */ = {isa = PBXBuildFile; fileRef = 1AC2FE7920B56584007D0157 /* DocumentFontPrefs.swift */; };
		1AD977FE1F72C76600CC31F1 /* AppDelegate.swift in Sources */ = {isa = PBXBuildFile; fileRef = 1AD977FD1F72C76600CC31F1 /* AppDelegate.swift */; };
		1AD978001F72C76600CC31F1 /* DocumentBrowserViewController.swift in Sources */ = {isa = PBXBuildFile; fileRef = 1AD977FF1F72C76600CC31F1 /* DocumentBrowserViewController.swift */; };
		1AD978021F72C76600CC31F1 /* DocumentViewController.swift in Sources */ = {isa = PBXBuildFile; fileRef = 1AD978011F72C76600CC31F1 /* DocumentViewController.swift */; };
		1AD978041F72C76600CC31F1 /* Document.swift in Sources */ = {isa = PBXBuildFile; fileRef = 1AD978031F72C76600CC31F1 /* Document.swift */; };
		1AD978071F72C76600CC31F1 /* Main.storyboard in Resources */ = {isa = PBXBuildFile; fileRef = 1AD978051F72C76600CC31F1 /* Main.storyboard */; };
		1AD978091F72C76600CC31F1 /* Assets.xcassets in Resources */ = {isa = PBXBuildFile; fileRef = 1AD978081F72C76600CC31F1 /* Assets.xcassets */; };
		1AD9780C1F72C76600CC31F1 /* LaunchScreen.storyboard in Resources */ = {isa = PBXBuildFile; fileRef = 1AD9780A1F72C76600CC31F1 /* LaunchScreen.storyboard */; };
		1AD978171F72C76600CC31F1 /* SimpleEditTests.swift in Sources */ = {isa = PBXBuildFile; fileRef = 1AD978161F72C76600CC31F1 /* SimpleEditTests.swift */; };
/* End PBXBuildFile section */

/* Begin PBXContainerItemProxy section */
		1AD978131F72C76600CC31F1 /* PBXContainerItemProxy */ = {
			isa = PBXContainerItemProxy;
			containerPortal = 1AD977F21F72C76600CC31F1 /* Project object */;
			proxyType = 1;
			remoteGlobalIDString = 1AD977F91F72C76600CC31F1;
			remoteInfo = SimpleEdit;
		};
		1AD9781E1F72C76600CC31F1 /* PBXContainerItemProxy */ = {
			isa = PBXContainerItemProxy;
			containerPortal = 1AD977F21F72C76600CC31F1 /* Project object */;
			proxyType = 1;
			remoteGlobalIDString = 1AD977F91F72C76600CC31F1;
			remoteInfo = SimpleEdit;
		};
/* End PBXContainerItemProxy section */

/* Begin PBXCopyFilesBuildPhase section */
		1AD978411F72CC1600CC31F1 /* Embed Frameworks */ = {
			isa = PBXCopyFilesBuildPhase;
			buildActionMask = 2147483647;
			dstPath = "";
			dstSubfolderSpec = 10;
			files = (
			);
			name = "Embed Frameworks";
			runOnlyForDeploymentPostprocessing = 0;
		};
/* End PBXCopyFilesBuildPhase section */

/* Begin PBXFileReference section */
		1A372EDD2377339F00109AFD /* SettingsRobot.swift */ = {isa = PBXFileReference; lastKnownFileType = sourcecode.swift; path = SettingsRobot.swift; sourceTree = "<group>"; };
		1A372EDF237750E800109AFD /* AppSettingsRobot.swift */ = {isa = PBXFileReference; lastKnownFileType = sourcecode.swift; path = AppSettingsRobot.swift; sourceTree = "<group>"; };
		1A42E93A21564A22007D05DB /* KeyboardInsetting.swift */ = {isa = PBXFileReference; lastKnownFileType = sourcecode.swift; path = KeyboardInsetting.swift; sourceTree = "<group>"; };
		1A475AAE23771D6A00803BDF /* DocumentBrowserRobot.swift */ = {isa = PBXFileReference; lastKnownFileType = sourcecode.swift; path = DocumentBrowserRobot.swift; sourceTree = "<group>"; };
		1A475AB023771DA800803BDF /* Tests.swift */ = {isa = PBXFileReference; lastKnownFileType = sourcecode.swift; path = Tests.swift; sourceTree = "<group>"; };
		1A475AB223771DB200803BDF /* Screenshots.swift */ = {isa = PBXFileReference; lastKnownFileType = sourcecode.swift; path = Screenshots.swift; sourceTree = "<group>"; };
		1A475ABA237724B600803BDF /* DocumentEditorRobot.swift */ = {isa = PBXFileReference; lastKnownFileType = sourcecode.swift; path = DocumentEditorRobot.swift; sourceTree = "<group>"; };
		1A89109B23771AA700945538 /* SimpleEditRobot.swift */ = {isa = PBXFileReference; lastKnownFileType = sourcecode.swift; path = SimpleEditRobot.swift; sourceTree = "<group>"; };
		1A9EB95D20A12C7100A71919 /* SimpleEdit.entitlements */ = {isa = PBXFileReference; lastKnownFileType = text.plist.entitlements; path = SimpleEdit.entitlements; sourceTree = "<group>"; };
		1AC2FE7920B56584007D0157 /* DocumentFontPrefs.swift */ = {isa = PBXFileReference; lastKnownFileType = sourcecode.swift; path = DocumentFontPrefs.swift; sourceTree = "<group>"; };
		1AD977FA1F72C76600CC31F1 /* SimpleEdit.app */ = {isa = PBXFileReference; explicitFileType = wrapper.application; includeInIndex = 0; path = SimpleEdit.app; sourceTree = BUILT_PRODUCTS_DIR; };
		1AD977FD1F72C76600CC31F1 /* AppDelegate.swift */ = {isa = PBXFileReference; lastKnownFileType = sourcecode.swift; path = AppDelegate.swift; sourceTree = "<group>"; };
		1AD977FF1F72C76600CC31F1 /* DocumentBrowserViewController.swift */ = {isa = PBXFileReference; lastKnownFileType = sourcecode.swift; path = DocumentBrowserViewController.swift; sourceTree = "<group>"; };
		1AD978011F72C76600CC31F1 /* DocumentViewController.swift */ = {isa = PBXFileReference; lastKnownFileType = sourcecode.swift; path = DocumentViewController.swift; sourceTree = "<group>"; };
		1AD978031F72C76600CC31F1 /* Document.swift */ = {isa = PBXFileReference; lastKnownFileType = sourcecode.swift; path = Document.swift; sourceTree = "<group>"; };
		1AD978061F72C76600CC31F1 /* Base */ = {isa = PBXFileReference; lastKnownFileType = file.storyboard; name = Base; path = Base.lproj/Main.storyboard; sourceTree = "<group>"; };
		1AD978081F72C76600CC31F1 /* Assets.xcassets */ = {isa = PBXFileReference; lastKnownFileType = folder.assetcatalog; path = Assets.xcassets; sourceTree = "<group>"; };
		1AD9780B1F72C76600CC31F1 /* Base */ = {isa = PBXFileReference; lastKnownFileType = file.storyboard; name = Base; path = Base.lproj/LaunchScreen.storyboard; sourceTree = "<group>"; };
		1AD9780D1F72C76600CC31F1 /* Info.plist */ = {isa = PBXFileReference; lastKnownFileType = text.plist.xml; path = Info.plist; sourceTree = "<group>"; };
		1AD978121F72C76600CC31F1 /* SimpleEditTests.xctest */ = {isa = PBXFileReference; explicitFileType = wrapper.cfbundle; includeInIndex = 0; path = SimpleEditTests.xctest; sourceTree = BUILT_PRODUCTS_DIR; };
		1AD978161F72C76600CC31F1 /* SimpleEditTests.swift */ = {isa = PBXFileReference; lastKnownFileType = sourcecode.swift; path = SimpleEditTests.swift; sourceTree = "<group>"; };
		1AD978181F72C76600CC31F1 /* Info.plist */ = {isa = PBXFileReference; lastKnownFileType = text.plist.xml; path = Info.plist; sourceTree = "<group>"; };
		1AD9781D1F72C76600CC31F1 /* SimpleEditUITests.xctest */ = {isa = PBXFileReference; explicitFileType = wrapper.cfbundle; includeInIndex = 0; path = SimpleEditUITests.xctest; sourceTree = BUILT_PRODUCTS_DIR; };
		1AD978231F72C76600CC31F1 /* Info.plist */ = {isa = PBXFileReference; lastKnownFileType = text.plist.xml; path = Info.plist; sourceTree = "<group>"; };
/* End PBXFileReference section */

/* Begin PBXFrameworksBuildPhase section */
		1AD977F71F72C76600CC31F1 /* Frameworks */ = {
			isa = PBXFrameworksBuildPhase;
			buildActionMask = 2147483647;
			files = (
				1A372EDA237730A700109AFD /* Additions in Frameworks */,
			);
			runOnlyForDeploymentPostprocessing = 0;
		};
		1AD9780F1F72C76600CC31F1 /* Frameworks */ = {
			isa = PBXFrameworksBuildPhase;
			buildActionMask = 2147483647;
			files = (
			);
			runOnlyForDeploymentPostprocessing = 0;
		};
		1AD9781A1F72C76600CC31F1 /* Frameworks */ = {
			isa = PBXFrameworksBuildPhase;
			buildActionMask = 2147483647;
			files = (
				1A372EDC237730A700109AFD /* UITestAdditions in Frameworks */,
			);
			runOnlyForDeploymentPostprocessing = 0;
		};
/* End PBXFrameworksBuildPhase section */

/* Begin PBXGroup section */
		1A89109A23771A9A00945538 /* Robots */ = {
			isa = PBXGroup;
			children = (
				1A89109B23771AA700945538 /* SimpleEditRobot.swift */,
				1A475AAE23771D6A00803BDF /* DocumentBrowserRobot.swift */,
				1A475ABA237724B600803BDF /* DocumentEditorRobot.swift */,
				1A372EDF237750E800109AFD /* AppSettingsRobot.swift */,
				1A372EDD2377339F00109AFD /* SettingsRobot.swift */,
			);
			path = Robots;
			sourceTree = "<group>";
		};
		1AD977F11F72C76600CC31F1 = {
			isa = PBXGroup;
			children = (
				1AD977FC1F72C76600CC31F1 /* SimpleEdit */,
				1AD978151F72C76600CC31F1 /* SimpleEditTests */,
				1AD978201F72C76600CC31F1 /* SimpleEditUITests */,
				1AD977FB1F72C76600CC31F1 /* Products */,
				2FCF1F90E59E4173ADD510B7 /* Frameworks */,
			);
			sourceTree = "<group>";
		};
		1AD977FB1F72C76600CC31F1 /* Products */ = {
			isa = PBXGroup;
			children = (
				1AD977FA1F72C76600CC31F1 /* SimpleEdit.app */,
				1AD978121F72C76600CC31F1 /* SimpleEditTests.xctest */,
				1AD9781D1F72C76600CC31F1 /* SimpleEditUITests.xctest */,
			);
			name = Products;
			sourceTree = "<group>";
		};
		1AD977FC1F72C76600CC31F1 /* SimpleEdit */ = {
			isa = PBXGroup;
			children = (
				1A9EB95D20A12C7100A71919 /* SimpleEdit.entitlements */,
				1AD977FD1F72C76600CC31F1 /* AppDelegate.swift */,
				1AD977FF1F72C76600CC31F1 /* DocumentBrowserViewController.swift */,
				1AD978011F72C76600CC31F1 /* DocumentViewController.swift */,
				1A42E93A21564A22007D05DB /* KeyboardInsetting.swift */,
				1AC2FE7920B56584007D0157 /* DocumentFontPrefs.swift */,
				1AD978031F72C76600CC31F1 /* Document.swift */,
				1AD978051F72C76600CC31F1 /* Main.storyboard */,
				1AD978081F72C76600CC31F1 /* Assets.xcassets */,
				1AD9780A1F72C76600CC31F1 /* LaunchScreen.storyboard */,
				1AD9780D1F72C76600CC31F1 /* Info.plist */,
			);
			path = SimpleEdit;
			sourceTree = "<group>";
		};
		1AD978151F72C76600CC31F1 /* SimpleEditTests */ = {
			isa = PBXGroup;
			children = (
				1AD978161F72C76600CC31F1 /* SimpleEditTests.swift */,
				1AD978181F72C76600CC31F1 /* Info.plist */,
			);
			path = SimpleEditTests;
			sourceTree = "<group>";
		};
		1AD978201F72C76600CC31F1 /* SimpleEditUITests */ = {
			isa = PBXGroup;
			children = (
				1A89109A23771A9A00945538 /* Robots */,
				1AD978231F72C76600CC31F1 /* Info.plist */,
				1A475AB223771DB200803BDF /* Screenshots.swift */,
				1A475AB023771DA800803BDF /* Tests.swift */,
			);
			path = SimpleEditUITests;
			sourceTree = "<group>";
		};
		2FCF1F90E59E4173ADD510B7 /* Frameworks */ = {
			isa = PBXGroup;
			children = (
			);
			name = Frameworks;
			sourceTree = "<group>";
		};
/* End PBXGroup section */

/* Begin PBXNativeTarget section */
		1AD977F91F72C76600CC31F1 /* SimpleEdit */ = {
			isa = PBXNativeTarget;
			buildConfigurationList = 1AD978261F72C76600CC31F1 /* Build configuration list for PBXNativeTarget "SimpleEdit" */;
			buildPhases = (
				1AD977F61F72C76600CC31F1 /* Sources */,
				1AD977F71F72C76600CC31F1 /* Frameworks */,
				1AD977F81F72C76600CC31F1 /* Resources */,
				1AD978411F72CC1600CC31F1 /* Embed Frameworks */,
			);
			buildRules = (
			);
			dependencies = (
			);
			name = SimpleEdit;
			packageProductDependencies = (
				1A372ED9237730A700109AFD /* Additions */,
			);
			productName = SimpleEdit;
			productReference = 1AD977FA1F72C76600CC31F1 /* SimpleEdit.app */;
			productType = "com.apple.product-type.application";
		};
		1AD978111F72C76600CC31F1 /* SimpleEditTests */ = {
			isa = PBXNativeTarget;
			buildConfigurationList = 1AD978291F72C76600CC31F1 /* Build configuration list for PBXNativeTarget "SimpleEditTests" */;
			buildPhases = (
				1AD9780E1F72C76600CC31F1 /* Sources */,
				1AD9780F1F72C76600CC31F1 /* Frameworks */,
				1AD978101F72C76600CC31F1 /* Resources */,
			);
			buildRules = (
			);
			dependencies = (
				1AD978141F72C76600CC31F1 /* PBXTargetDependency */,
			);
			name = SimpleEditTests;
			productName = SimpleEditTests;
			productReference = 1AD978121F72C76600CC31F1 /* SimpleEditTests.xctest */;
			productType = "com.apple.product-type.bundle.unit-test";
		};
		1AD9781C1F72C76600CC31F1 /* SimpleEditUITests */ = {
			isa = PBXNativeTarget;
			buildConfigurationList = 1AD9782C1F72C76600CC31F1 /* Build configuration list for PBXNativeTarget "SimpleEditUITests" */;
			buildPhases = (
				1AD978191F72C76600CC31F1 /* Sources */,
				1AD9781A1F72C76600CC31F1 /* Frameworks */,
				1AD9781B1F72C76600CC31F1 /* Resources */,
			);
			buildRules = (
			);
			dependencies = (
				1AD9781F1F72C76600CC31F1 /* PBXTargetDependency */,
			);
			name = SimpleEditUITests;
			packageProductDependencies = (
				1A372EDB237730A700109AFD /* UITestAdditions */,
			);
			productName = SimpleEditUITests;
			productReference = 1AD9781D1F72C76600CC31F1 /* SimpleEditUITests.xctest */;
			productType = "com.apple.product-type.bundle.ui-testing";
		};
/* End PBXNativeTarget section */

/* Begin PBXProject section */
		1AD977F21F72C76600CC31F1 /* Project object */ = {
			isa = PBXProject;
			attributes = {
				LastSwiftUpdateCheck = 0900;
				LastUpgradeCheck = 1000;
				ORGANIZATIONNAME = "James Froggatt";
				TargetAttributes = {
					1AD977F91F72C76600CC31F1 = {
						CreatedOnToolsVersion = 9.0;
						LastSwiftMigration = 1020;
						ProvisioningStyle = Automatic;
						SystemCapabilities = {
							com.apple.iCloud = {
								enabled = 1;
							};
						};
					};
					1AD978111F72C76600CC31F1 = {
						CreatedOnToolsVersion = 9.0;
						LastSwiftMigration = 1020;
						ProvisioningStyle = Automatic;
						TestTargetID = 1AD977F91F72C76600CC31F1;
					};
					1AD9781C1F72C76600CC31F1 = {
						CreatedOnToolsVersion = 9.0;
						LastSwiftMigration = 1020;
						ProvisioningStyle = Automatic;
						TestTargetID = 1AD977F91F72C76600CC31F1;
					};
				};
			};
			buildConfigurationList = 1AD977F51F72C76600CC31F1 /* Build configuration list for PBXProject "SimpleEdit" */;
			compatibilityVersion = "Xcode 8.0";
			developmentRegion = en;
			hasScannedForEncodings = 0;
			knownRegions = (
				en,
				Base,
			);
			mainGroup = 1AD977F11F72C76600CC31F1;
			packageReferences = (
				1A372ED8237730A700109AFD /* XCRemoteSwiftPackageReference "Additions" */,
			);
			productRefGroup = 1AD977FB1F72C76600CC31F1 /* Products */;
			projectDirPath = "";
			projectRoot = "";
			targets = (
				1AD977F91F72C76600CC31F1 /* SimpleEdit */,
				1AD978111F72C76600CC31F1 /* SimpleEditTests */,
				1AD9781C1F72C76600CC31F1 /* SimpleEditUITests */,
			);
		};
/* End PBXProject section */

/* Begin PBXResourcesBuildPhase section */
		1AD977F81F72C76600CC31F1 /* Resources */ = {
			isa = PBXResourcesBuildPhase;
			buildActionMask = 2147483647;
			files = (
				1AD9780C1F72C76600CC31F1 /* LaunchScreen.storyboard in Resources */,
				1AD978091F72C76600CC31F1 /* Assets.xcassets in Resources */,
				1AD978071F72C76600CC31F1 /* Main.storyboard in Resources */,
			);
			runOnlyForDeploymentPostprocessing = 0;
		};
		1AD978101F72C76600CC31F1 /* Resources */ = {
			isa = PBXResourcesBuildPhase;
			buildActionMask = 2147483647;
			files = (
			);
			runOnlyForDeploymentPostprocessing = 0;
		};
		1AD9781B1F72C76600CC31F1 /* Resources */ = {
			isa = PBXResourcesBuildPhase;
			buildActionMask = 2147483647;
			files = (
			);
			runOnlyForDeploymentPostprocessing = 0;
		};
/* End PBXResourcesBuildPhase section */

/* Begin PBXSourcesBuildPhase section */
		1AD977F61F72C76600CC31F1 /* Sources */ = {
			isa = PBXSourcesBuildPhase;
			buildActionMask = 2147483647;
			files = (
				1A42E93B21564A22007D05DB /* KeyboardInsetting.swift in Sources */,
				1AD978041F72C76600CC31F1 /* Document.swift in Sources */,
				1AC2FE7A20B56584007D0157 /* DocumentFontPrefs.swift in Sources */,
				1AD978021F72C76600CC31F1 /* DocumentViewController.swift in Sources */,
				1AD978001F72C76600CC31F1 /* DocumentBrowserViewController.swift in Sources */,
				1AD977FE1F72C76600CC31F1 /* AppDelegate.swift in Sources */,
			);
			runOnlyForDeploymentPostprocessing = 0;
		};
		1AD9780E1F72C76600CC31F1 /* Sources */ = {
			isa = PBXSourcesBuildPhase;
			buildActionMask = 2147483647;
			files = (
				1AD978171F72C76600CC31F1 /* SimpleEditTests.swift in Sources */,
			);
			runOnlyForDeploymentPostprocessing = 0;
		};
		1AD978191F72C76600CC31F1 /* Sources */ = {
			isa = PBXSourcesBuildPhase;
			buildActionMask = 2147483647;
			files = (
				1A89109C23771AA700945538 /* SimpleEditRobot.swift in Sources */,
				1A475ABB237724B600803BDF /* DocumentEditorRobot.swift in Sources */,
				1A475AB323771DB200803BDF /* Screenshots.swift in Sources */,
				1A475AB123771DA800803BDF /* Tests.swift in Sources */,
				1A372EE0237750E800109AFD /* AppSettingsRobot.swift in Sources */,
				1A475AAF23771D6A00803BDF /* DocumentBrowserRobot.swift in Sources */,
				1A372EDE2377339F00109AFD /* SettingsRobot.swift in Sources */,
			);
			runOnlyForDeploymentPostprocessing = 0;
		};
/* End PBXSourcesBuildPhase section */

/* Begin PBXTargetDependency section */
		1AD978141F72C76600CC31F1 /* PBXTargetDependency */ = {
			isa = PBXTargetDependency;
			target = 1AD977F91F72C76600CC31F1 /* SimpleEdit */;
			targetProxy = 1AD978131F72C76600CC31F1 /* PBXContainerItemProxy */;
		};
		1AD9781F1F72C76600CC31F1 /* PBXTargetDependency */ = {
			isa = PBXTargetDependency;
			target = 1AD977F91F72C76600CC31F1 /* SimpleEdit */;
			targetProxy = 1AD9781E1F72C76600CC31F1 /* PBXContainerItemProxy */;
		};
/* End PBXTargetDependency section */

/* Begin PBXVariantGroup section */
		1AD978051F72C76600CC31F1 /* Main.storyboard */ = {
			isa = PBXVariantGroup;
			children = (
				1AD978061F72C76600CC31F1 /* Base */,
			);
			name = Main.storyboard;
			sourceTree = "<group>";
		};
		1AD9780A1F72C76600CC31F1 /* LaunchScreen.storyboard */ = {
			isa = PBXVariantGroup;
			children = (
				1AD9780B1F72C76600CC31F1 /* Base */,
			);
			name = LaunchScreen.storyboard;
			sourceTree = "<group>";
		};
/* End PBXVariantGroup section */

/* Begin XCBuildConfiguration section */
		1AD978241F72C76600CC31F1 /* Debug */ = {
			isa = XCBuildConfiguration;
			buildSettings = {
				ALWAYS_SEARCH_USER_PATHS = NO;
				CLANG_ANALYZER_NONNULL = YES;
				CLANG_ANALYZER_NUMBER_OBJECT_CONVERSION = YES_AGGRESSIVE;
				CLANG_CXX_LANGUAGE_STANDARD = "gnu++14";
				CLANG_CXX_LIBRARY = "libc++";
				CLANG_ENABLE_MODULES = YES;
				CLANG_ENABLE_OBJC_ARC = YES;
				CLANG_WARN_BLOCK_CAPTURE_AUTORELEASING = YES;
				CLANG_WARN_BOOL_CONVERSION = YES;
				CLANG_WARN_COMMA = YES;
				CLANG_WARN_CONSTANT_CONVERSION = YES;
				CLANG_WARN_DEPRECATED_OBJC_IMPLEMENTATIONS = YES;
				CLANG_WARN_DIRECT_OBJC_ISA_USAGE = YES_ERROR;
				CLANG_WARN_DOCUMENTATION_COMMENTS = YES;
				CLANG_WARN_EMPTY_BODY = YES;
				CLANG_WARN_ENUM_CONVERSION = YES;
				CLANG_WARN_INFINITE_RECURSION = YES;
				CLANG_WARN_INT_CONVERSION = YES;
				CLANG_WARN_NON_LITERAL_NULL_CONVERSION = YES;
				CLANG_WARN_OBJC_IMPLICIT_RETAIN_SELF = YES;
				CLANG_WARN_OBJC_LITERAL_CONVERSION = YES;
				CLANG_WARN_OBJC_ROOT_CLASS = YES_ERROR;
				CLANG_WARN_RANGE_LOOP_ANALYSIS = YES;
				CLANG_WARN_STRICT_PROTOTYPES = YES;
				CLANG_WARN_SUSPICIOUS_MOVE = YES;
				CLANG_WARN_UNGUARDED_AVAILABILITY = YES_AGGRESSIVE;
				CLANG_WARN_UNREACHABLE_CODE = YES;
				CLANG_WARN__DUPLICATE_METHOD_MATCH = YES;
				CODE_SIGN_IDENTITY = "iPhone Developer";
				COPY_PHASE_STRIP = NO;
				DEBUG_INFORMATION_FORMAT = dwarf;
				ENABLE_STRICT_OBJC_MSGSEND = YES;
				ENABLE_TESTABILITY = YES;
				GCC_C_LANGUAGE_STANDARD = gnu11;
				GCC_DYNAMIC_NO_PIC = NO;
				GCC_NO_COMMON_BLOCKS = YES;
				GCC_OPTIMIZATION_LEVEL = 0;
				GCC_PREPROCESSOR_DEFINITIONS = (
					"DEBUG=1",
					"$(inherited)",
				);
				GCC_WARN_64_TO_32_BIT_CONVERSION = YES;
				GCC_WARN_ABOUT_RETURN_TYPE = YES_ERROR;
				GCC_WARN_UNDECLARED_SELECTOR = YES;
				GCC_WARN_UNINITIALIZED_AUTOS = YES_AGGRESSIVE;
				GCC_WARN_UNUSED_FUNCTION = YES;
				GCC_WARN_UNUSED_VARIABLE = YES;
				IPHONEOS_DEPLOYMENT_TARGET = 13.0;
				MTL_ENABLE_DEBUG_INFO = YES;
				ONLY_ACTIVE_ARCH = YES;
				SDKROOT = iphoneos;
				SWIFT_ACTIVE_COMPILATION_CONDITIONS = DEBUG;
				SWIFT_OPTIMIZATION_LEVEL = "-Onone";
				SWIFT_VERSION = 5.0;
				TARGETED_DEVICE_FAMILY = "1,2";
			};
			name = Debug;
		};
		1AD978251F72C76600CC31F1 /* Release */ = {
			isa = XCBuildConfiguration;
			buildSettings = {
				ALWAYS_SEARCH_USER_PATHS = NO;
				CLANG_ANALYZER_NONNULL = YES;
				CLANG_ANALYZER_NUMBER_OBJECT_CONVERSION = YES_AGGRESSIVE;
				CLANG_CXX_LANGUAGE_STANDARD = "gnu++14";
				CLANG_CXX_LIBRARY = "libc++";
				CLANG_ENABLE_MODULES = YES;
				CLANG_ENABLE_OBJC_ARC = YES;
				CLANG_WARN_BLOCK_CAPTURE_AUTORELEASING = YES;
				CLANG_WARN_BOOL_CONVERSION = YES;
				CLANG_WARN_COMMA = YES;
				CLANG_WARN_CONSTANT_CONVERSION = YES;
				CLANG_WARN_DEPRECATED_OBJC_IMPLEMENTATIONS = YES;
				CLANG_WARN_DIRECT_OBJC_ISA_USAGE = YES_ERROR;
				CLANG_WARN_DOCUMENTATION_COMMENTS = YES;
				CLANG_WARN_EMPTY_BODY = YES;
				CLANG_WARN_ENUM_CONVERSION = YES;
				CLANG_WARN_INFINITE_RECURSION = YES;
				CLANG_WARN_INT_CONVERSION = YES;
				CLANG_WARN_NON_LITERAL_NULL_CONVERSION = YES;
				CLANG_WARN_OBJC_IMPLICIT_RETAIN_SELF = YES;
				CLANG_WARN_OBJC_LITERAL_CONVERSION = YES;
				CLANG_WARN_OBJC_ROOT_CLASS = YES_ERROR;
				CLANG_WARN_RANGE_LOOP_ANALYSIS = YES;
				CLANG_WARN_STRICT_PROTOTYPES = YES;
				CLANG_WARN_SUSPICIOUS_MOVE = YES;
				CLANG_WARN_UNGUARDED_AVAILABILITY = YES_AGGRESSIVE;
				CLANG_WARN_UNREACHABLE_CODE = YES;
				CLANG_WARN__DUPLICATE_METHOD_MATCH = YES;
				CODE_SIGN_IDENTITY = "iPhone Developer";
				COPY_PHASE_STRIP = NO;
				DEBUG_INFORMATION_FORMAT = "dwarf-with-dsym";
				ENABLE_NS_ASSERTIONS = NO;
				ENABLE_STRICT_OBJC_MSGSEND = YES;
				GCC_C_LANGUAGE_STANDARD = gnu11;
				GCC_NO_COMMON_BLOCKS = YES;
				GCC_WARN_64_TO_32_BIT_CONVERSION = YES;
				GCC_WARN_ABOUT_RETURN_TYPE = YES_ERROR;
				GCC_WARN_UNDECLARED_SELECTOR = YES;
				GCC_WARN_UNINITIALIZED_AUTOS = YES_AGGRESSIVE;
				GCC_WARN_UNUSED_FUNCTION = YES;
				GCC_WARN_UNUSED_VARIABLE = YES;
				IPHONEOS_DEPLOYMENT_TARGET = 13.0;
				MTL_ENABLE_DEBUG_INFO = NO;
				SDKROOT = iphoneos;
				SWIFT_COMPILATION_MODE = wholemodule;
				SWIFT_OPTIMIZATION_LEVEL = "-O";
				SWIFT_VERSION = 5.0;
				TARGETED_DEVICE_FAMILY = "1,2";
				VALIDATE_PRODUCT = YES;
			};
			name = Release;
		};
		1AD978271F72C76600CC31F1 /* Debug */ = {
			isa = XCBuildConfiguration;
			buildSettings = {
				ASSETCATALOG_COMPILER_APPICON_NAME = AppIcon;
				CODE_SIGN_ENTITLEMENTS = SimpleEdit/SimpleEdit.entitlements;
				CODE_SIGN_STYLE = Automatic;
				CURRENT_PROJECT_VERSION = 1;
				DEVELOPMENT_TEAM = VKFDYMU9HJ;
				GCC_PREPROCESSOR_DEFINITIONS = "$(inherited)";
				INFOPLIST_FILE = SimpleEdit/Info.plist;
				MARKETING_VERSION = 1.1;
				PRODUCT_BUNDLE_IDENTIFIER = James.SimpleEdit;
				PRODUCT_NAME = "$(TARGET_NAME)";
			};
			name = Debug;
		};
		1AD978281F72C76600CC31F1 /* Release */ = {
			isa = XCBuildConfiguration;
			buildSettings = {
				ASSETCATALOG_COMPILER_APPICON_NAME = AppIcon;
				CODE_SIGN_ENTITLEMENTS = SimpleEdit/SimpleEdit.entitlements;
				CODE_SIGN_STYLE = Automatic;
				CURRENT_PROJECT_VERSION = 1;
				DEVELOPMENT_TEAM = VKFDYMU9HJ;
				GCC_PREPROCESSOR_DEFINITIONS = "$(inherited)";
				INFOPLIST_FILE = SimpleEdit/Info.plist;
				MARKETING_VERSION = 1.1;
				PRODUCT_BUNDLE_IDENTIFIER = James.SimpleEdit;
				PRODUCT_NAME = "$(TARGET_NAME)";
			};
			name = Release;
		};
		1AD9782A1F72C76600CC31F1 /* Debug */ = {
			isa = XCBuildConfiguration;
			buildSettings = {
				BUNDLE_LOADER = "$(TEST_HOST)";
				CODE_SIGN_STYLE = Automatic;
				DEVELOPMENT_TEAM = VKFDYMU9HJ;
				INFOPLIST_FILE = SimpleEditTests/Info.plist;
				PRODUCT_BUNDLE_IDENTIFIER = James.SimpleEditTests;
				PRODUCT_NAME = "$(TARGET_NAME)";
				TEST_HOST = "$(BUILT_PRODUCTS_DIR)/SimpleEdit.app/SimpleEdit";
			};
			name = Debug;
		};
		1AD9782B1F72C76600CC31F1 /* Release */ = {
			isa = XCBuildConfiguration;
			buildSettings = {
				BUNDLE_LOADER = "$(TEST_HOST)";
				CODE_SIGN_STYLE = Automatic;
				DEVELOPMENT_TEAM = VKFDYMU9HJ;
				INFOPLIST_FILE = SimpleEditTests/Info.plist;
				PRODUCT_BUNDLE_IDENTIFIER = James.SimpleEditTests;
				PRODUCT_NAME = "$(TARGET_NAME)";
				TEST_HOST = "$(BUILT_PRODUCTS_DIR)/SimpleEdit.app/SimpleEdit";
			};
			name = Release;
		};
		1AD9782D1F72C76600CC31F1 /* Debug */ = {
			isa = XCBuildConfiguration;
			buildSettings = {
				CODE_SIGN_STYLE = Automatic;
				DEVELOPMENT_TEAM = VKFDYMU9HJ;
				INFOPLIST_FILE = SimpleEditUITests/Info.plist;
				PRODUCT_BUNDLE_IDENTIFIER = James.SimpleEditUITests;
				PRODUCT_NAME = "$(TARGET_NAME)";
				TEST_TARGET_NAME = SimpleEdit;
			};
			name = Debug;
		};
		1AD9782E1F72C76600CC31F1 /* Release */ = {
			isa = XCBuildConfiguration;
			buildSettings = {
				CODE_SIGN_STYLE = Automatic;
				DEVELOPMENT_TEAM = VKFDYMU9HJ;
				INFOPLIST_FILE = SimpleEditUITests/Info.plist;
				PRODUCT_BUNDLE_IDENTIFIER = James.SimpleEditUITests;
				PRODUCT_NAME = "$(TARGET_NAME)";
				TEST_TARGET_NAME = SimpleEdit;
			};
			name = Release;
		};
/* End XCBuildConfiguration section */

/* Begin XCConfigurationList section */
		1AD977F51F72C76600CC31F1 /* Build configuration list for PBXProject "SimpleEdit" */ = {
			isa = XCConfigurationList;
			buildConfigurations = (
				1AD978241F72C76600CC31F1 /* Debug */,
				1AD978251F72C76600CC31F1 /* Release */,
			);
			defaultConfigurationIsVisible = 0;
			defaultConfigurationName = Release;
		};
		1AD978261F72C76600CC31F1 /* Build configuration list for PBXNativeTarget "SimpleEdit" */ = {
			isa = XCConfigurationList;
			buildConfigurations = (
				1AD978271F72C76600CC31F1 /* Debug */,
				1AD978281F72C76600CC31F1 /* Release */,
			);
			defaultConfigurationIsVisible = 0;
			defaultConfigurationName = Release;
		};
		1AD978291F72C76600CC31F1 /* Build configuration list for PBXNativeTarget "SimpleEditTests" */ = {
			isa = XCConfigurationList;
			buildConfigurations = (
				1AD9782A1F72C76600CC31F1 /* Debug */,
				1AD9782B1F72C76600CC31F1 /* Release */,
			);
			defaultConfigurationIsVisible = 0;
			defaultConfigurationName = Release;
		};
		1AD9782C1F72C76600CC31F1 /* Build configuration list for PBXNativeTarget "SimpleEditUITests" */ = {
			isa = XCConfigurationList;
			buildConfigurations = (
				1AD9782D1F72C76600CC31F1 /* Debug */,
				1AD9782E1F72C76600CC31F1 /* Release */,
			);
			defaultConfigurationIsVisible = 0;
			defaultConfigurationName = Release;
		};
/* End XCConfigurationList section */

/* Begin XCRemoteSwiftPackageReference section */
		1A372ED8237730A700109AFD /* XCRemoteSwiftPackageReference "Additions" */ = {
			isa = XCRemoteSwiftPackageReference;
			repositoryURL = "https://github.com/MutatingFunc/Additions.git";
			requirement = {
				kind = upToNextMajorVersion;
				minimumVersion = 1.4.1;
			};
		};
/* End XCRemoteSwiftPackageReference section */

/* Begin XCSwiftPackageProductDependency section */
		1A372ED9237730A700109AFD /* Additions */ = {
			isa = XCSwiftPackageProductDependency;
			package = 1A372ED8237730A700109AFD /* XCRemoteSwiftPackageReference "Additions" */;
			productName = Additions;
		};
		1A372EDB237730A700109AFD /* UITestAdditions */ = {
			isa = XCSwiftPackageProductDependency;
			package = 1A372ED8237730A700109AFD /* XCRemoteSwiftPackageReference "Additions" */;
			productName = UITestAdditions;
		};
/* End XCSwiftPackageProductDependency section */
	};
	rootObject = 1AD977F21F72C76600CC31F1 /* Project object */;
}
