{
  "originHash" : "00784953d8833fe0d8e8f2752c072cf31e7a8f2bcc9e75fc19282bcf94fbd201",
  "pins" : [
    {
      "identity" : "about",
      "kind" : "remoteSourceControl",
      "location" : "https://github.com/MutatingFunc/About.git",
      "state" : {
        "revision" : "59a7ad1e1684ec760a9d290ccee39386f13b8884",
        "version" : "4.0.4"
      }
    }
  ],
  "version" : 3
}
