{
  "originHash" : "00784953d8833fe0d8e8f2752c072cf31e7a8f2bcc9e75fc19282bcf94fbd201",
  "pins" : [
    {
      "identity" : "about",
      "kind" : "remoteSourceControl",
      "location" : "https://github.com/MutatingFunc/About.git",
      "state" : {
        "revision" : "b3c561a2c791e2b9a8b40a4d0667ee4cbf248d1f",
        "version" : "4.1.1"
      }
    }
  ],
  "version" : 3
}
