{
  "originHash" : "00784953d8833fe0d8e8f2752c072cf31e7a8f2bcc9e75fc19282bcf94fbd201",
  "pins" : [
    {
      "identity" : "about",
      "kind" : "remoteSourceControl",
      "location" : "https://github.com/MutatingFunc/About.git",
      "state" : {
        "revision" : "809f4aaddadd61368bd6d4f0aea2e6495ab7ae02",
        "version" : "3.2.0"
      }
    }
  ],
  "version" : 3
}
